
Microsoft Visual Studio Solution File, Format Version 12.00
# Visual Studio 15
VisualStudioVersion = 15.0.28307.645
MinimumVisualStudioVersion = 10.0.40219.1
Project("{FAE04EC0-301F-11D3-BF4B-00C04F79EFBC}") = "WebApplication1", "WebApplication1\WebApplication1.csproj", "{B3CB024C-1901-4C90-9ACE-55A790C27C2F}"
EndProject
Global
	GlobalSection(SolutionConfigurationPlatforms) = preSolution
		Debug|Any CPU = Debug|Any CPU
		Release|Any CPU = Release|Any CPU
	EndGlobalSection
	GlobalSection(ProjectConfigurationPlatforms) = postSolution
		{B3CB024C-1901-4C90-9ACE-55A790C27C2F}.Debug|Any CPU.ActiveCfg = Debug|Any CPU
		{B3CB024C-1901-4C90-9ACE-55A790C27C2F}.Debug|Any CPU.Build.0 = Debug|Any CPU
		{B3CB024C-1901-4C90-9ACE-55A790C27C2F}.Release|Any CPU.ActiveCfg = Release|Any CPU
		{B3CB024C-1901-4C90-9ACE-55A790C27C2F}.Release|Any CPU.Build.0 = Release|Any CPU
	EndGlobalSection
	GlobalSection(SolutionProperties) = preSolution
		HideSolutionNode = FALSE
	EndGlobalSection
	GlobalSection(ExtensibilityGlobals) = postSolution
		SolutionGuid = {22D23789-5CCF-4B37-B8CC-8BFE56D5B5BE}
	EndGlobalSection
EndGlobal
